
Microsoft Visual Studio Solution File, Format Version 11.00
# Visual Studio 2010
Project("{8BC9CEB8-8B4A-11D0-8D11-00A0C91BC942}") = "AmMonitor", "AmMonitor\AmMonitor.vcxproj", "{1A9331EB-9459-431F-8857-5CDD894E01D4}"
	ProjectSection(ProjectDependencies) = postProject
		{4C594909-9048-4ADF-97BB-26E9C4C3BA22} = {4C594909-9048-4ADF-97BB-26E9C4C3BA22}
	EndProjectSection
EndProject
Project("{8BC9CEB8-8B4A-11D0-8D11-00A0C91BC942}") = "amnetfilter", "amnetfilter\amnetfilter.vcxproj", "{4C594909-9048-4ADF-97BB-26E9C4C3BA22}"
EndProject
Global
	GlobalSection(SolutionConfigurationPlatforms) = preSolution
		Debug|Win32 = Debug|Win32
		Release|Win32 = Release|Win32
	EndGlobalSection
	GlobalSection(ProjectConfigurationPlatforms) = postSolution
		{1A9331EB-9459-431F-8857-5CDD894E01D4}.Debug|Win32.ActiveCfg = Debug|Win32
		{1A9331EB-9459-431F-8857-5CDD894E01D4}.Debug|Win32.Build.0 = Debug|Win32
		{1A9331EB-9459-431F-8857-5CDD894E01D4}.Release|Win32.ActiveCfg = Release|Win32
		{1A9331EB-9459-431F-8857-5CDD894E01D4}.Release|Win32.Build.0 = Release|Win32
		{4C594909-9048-4ADF-97BB-26E9C4C3BA22}.Debug|Win32.ActiveCfg = Debug|Win32
		{4C594909-9048-4ADF-97BB-26E9C4C3BA22}.Debug|Win32.Build.0 = Debug|Win32
		{4C594909-9048-4ADF-97BB-26E9C4C3BA22}.Release|Win32.ActiveCfg = Release|Win32
		{4C594909-9048-4ADF-97BB-26E9C4C3BA22}.Release|Win32.Build.0 = Release|Win32
	EndGlobalSection
	GlobalSection(SolutionProperties) = preSolution
		HideSolutionNode = FALSE
	EndGlobalSection
EndGlobal
